
Microsoft Visual Studio Solution File, Format Version 12.00
# Visual Studio 15
VisualStudioVersion = 15.0.28010.2041
MinimumVisualStudioVersion = 10.0.40219.1
Project("{FAE04EC0-301F-11D3-BF4B-00C04F79EFBC}") = "Semaphore", "Semaphore\Semaphore.csproj", "{D8C49C33-2EC1-463F-8629-2D6637E137C8}"
EndProject
Project("{FAE04EC0-301F-11D3-BF4B-00C04F79EFBC}") = "T9", "T9\T9.csproj", "{D782466E-8811-49BE-9ECC-5DF87DE3BCF0}"
EndProject
Global
	GlobalSection(SolutionConfigurationPlatforms) = preSolution
		Debug|Any CPU = Debug|Any CPU
		Release|Any CPU = Release|Any CPU
	EndGlobalSection
	GlobalSection(ProjectConfigurationPlatforms) = postSolution
		{D8C49C33-2EC1-463F-8629-2D6637E137C8}.Debug|Any CPU.ActiveCfg = Debug|Any CPU
		{D8C49C33-2EC1-463F-8629-2D6637E137C8}.Debug|Any CPU.Build.0 = Debug|Any CPU
		{D8C49C33-2EC1-463F-8629-2D6637E137C8}.Release|Any CPU.ActiveCfg = Release|Any CPU
		{D8C49C33-2EC1-463F-8629-2D6637E137C8}.Release|Any CPU.Build.0 = Release|Any CPU
		{D782466E-8811-49BE-9ECC-5DF87DE3BCF0}.Debug|Any CPU.ActiveCfg = Debug|Any CPU
		{D782466E-8811-49BE-9ECC-5DF87DE3BCF0}.Debug|Any CPU.Build.0 = Debug|Any CPU
		{D782466E-8811-49BE-9ECC-5DF87DE3BCF0}.Release|Any CPU.ActiveCfg = Release|Any CPU
		{D782466E-8811-49BE-9ECC-5DF87DE3BCF0}.Release|Any CPU.Build.0 = Release|Any CPU
	EndGlobalSection
	GlobalSection(SolutionProperties) = preSolution
		HideSolutionNode = FALSE
	EndGlobalSection
	GlobalSection(ExtensibilityGlobals) = postSolution
		SolutionGuid = {C9BA4281-D415-4168-BCCF-5E724D4FC621}
	EndGlobalSection
EndGlobal
